{
  "nodes": {
    "cmake-tools": {
      "flake": false,
      "locked": {
        "lastModified": 1706886423,
        "narHash": "sha256-e16I51FbT0itLkyornd9RjShXmLxUzPrygFYVc66xoY=",
        "owner": "Civitasv",
        "repo": "cmake-tools.nvim",
        "rev": "055d7bb37d5c4038ce1e400656b6504602934ce7",
        "type": "github"
      },
      "original": {
        "owner": "Civitasv",
        "repo": "cmake-tools.nvim",
        "type": "github"
      }
    },
    "cspell": {
      "flake": false,
      "locked": {
        "lastModified": 1705684487,
        "narHash": "sha256-5QridFGEUVpW7fXTOrmbZqqFNDFgSDf0m+t2/0hT7L8=",
        "owner": "davidmh",
        "repo": "cspell.nvim",
        "rev": "2e65904243f41b9002618d1fe0d79def6c795eeb",
        "type": "github"
      },
      "original": {
        "owner": "davidmh",
        "repo": "cspell.nvim",
        "type": "github"
      }
    },
    "flake-compat": {
      "locked": {
        "lastModified": 1696426674,
        "narHash": "sha256-kvjfFW7WAETZlt09AgDn1MrtKzP7t90Vf7vypd3OL1U=",
        "rev": "0f9255e01c2351cc7d116c072cb317785dd33b33",
        "revCount": 57,
        "type": "tarball",
        "url": "https://api.flakehub.com/f/pinned/edolstra/flake-compat/1.0.1/018afb31-abd1-7bff-a5e4-cff7e18efb7a/source.tar.gz"
      },
      "original": {
        "type": "tarball",
        "url": "https://flakehub.com/f/edolstra/flake-compat/1.tar.gz"
      }
    },
    "flake-compat_2": {
      "flake": false,
      "locked": {
        "lastModified": 1696426674,
        "narHash": "sha256-kvjfFW7WAETZlt09AgDn1MrtKzP7t90Vf7vypd3OL1U=",
        "owner": "edolstra",
        "repo": "flake-compat",
        "rev": "0f9255e01c2351cc7d116c072cb317785dd33b33",
        "type": "github"
      },
      "original": {
        "owner": "edolstra",
        "repo": "flake-compat",
        "type": "github"
      }
    },
    "flake-parts": {
      "inputs": {
        "nixpkgs-lib": [
          "nixvim",
          "nixpkgs"
        ]
      },
      "locked": {
        "lastModified": 1706830856,
        "narHash": "sha256-a0NYyp+h9hlb7ddVz4LUn1vT/PLwqfrWYcHMvFB1xYg=",
        "owner": "hercules-ci",
        "repo": "flake-parts",
        "rev": "b253292d9c0a5ead9bc98c4e9a26c6312e27d69f",
        "type": "github"
      },
      "original": {
        "owner": "hercules-ci",
        "repo": "flake-parts",
        "type": "github"
      }
    },
    "flake-utils": {
      "inputs": {
        "systems": "systems"
      },
      "locked": {
        "lastModified": 1709126324,
        "narHash": "sha256-q6EQdSeUZOG26WelxqkmR7kArjgWCdw5sfJVHPH/7j8=",
        "owner": "numtide",
        "repo": "flake-utils",
        "rev": "d465f4819400de7c8d874d50b982301f28a84605",
        "type": "github"
      },
      "original": {
        "owner": "numtide",
        "repo": "flake-utils",
        "type": "github"
      }
    },
    "flake-utils_2": {
      "inputs": {
        "systems": "systems_2"
      },
      "locked": {
        "lastModified": 1701680307,
        "narHash": "sha256-kAuep2h5ajznlPMD9rnQyffWG8EM/C73lejGofXvdM8=",
        "owner": "numtide",
        "repo": "flake-utils",
        "rev": "4022d587cbbfd70fe950c1e2083a02621806a725",
        "type": "github"
      },
      "original": {
        "owner": "numtide",
        "repo": "flake-utils",
        "type": "github"
      }
    },
    "flatten": {
      "flake": false,
      "locked": {
        "lastModified": 1706309105,
        "narHash": "sha256-5J/jVrQt5qLLxfPtdDdMCJTBrLGPvsBgdxYYWuBKWKM=",
        "owner": "willothy",
        "repo": "flatten.nvim",
        "rev": "92c59ae6200e6b04aff167577ebb8a9035a6d2b3",
        "type": "github"
      },
      "original": {
        "owner": "willothy",
        "repo": "flatten.nvim",
        "type": "github"
      }
    },
    "fugitive-gitlab": {
      "flake": false,
      "locked": {
        "lastModified": 1684751584,
        "narHash": "sha256-wOBbFaEQ8PYMUHb8T+nU7WbbY6OlBacvidxGGO2aL3g=",
        "owner": "shumphrey",
        "repo": "fugitive-gitlab.vim",
        "rev": "55fed481c0309b3405dd3d72921d687bf36873a8",
        "type": "github"
      },
      "original": {
        "owner": "shumphrey",
        "repo": "fugitive-gitlab.vim",
        "type": "github"
      }
    },
    "gitignore": {
      "inputs": {
        "nixpkgs": [
          "nixvim",
          "pre-commit-hooks",
          "nixpkgs"
        ]
      },
      "locked": {
        "lastModified": 1703887061,
        "narHash": "sha256-gGPa9qWNc6eCXT/+Z5/zMkyYOuRZqeFZBDbopNZQkuY=",
        "owner": "hercules-ci",
        "repo": "gitignore.nix",
        "rev": "43e1aa1308018f37118e34d3a9cb4f5e75dc11d5",
        "type": "github"
      },
      "original": {
        "owner": "hercules-ci",
        "repo": "gitignore.nix",
        "type": "github"
      }
    },
    "home-manager": {
      "inputs": {
        "nixpkgs": [
          "nixvim",
          "nixpkgs"
        ]
      },
      "locked": {
        "lastModified": 1708988456,
        "narHash": "sha256-RCz7Xe64tN2zgWk+MVHkzg224znwqknJ1RnB7rVqUWw=",
        "owner": "nix-community",
        "repo": "home-manager",
        "rev": "1d085ea4444d26aa52297758b333b449b2aa6fca",
        "type": "github"
      },
      "original": {
        "owner": "nix-community",
        "repo": "home-manager",
        "type": "github"
      }
    },
    "neotest": {
      "flake": false,
      "locked": {
        "lastModified": 1709048819,
        "narHash": "sha256-hJkgvYkjYE12YNX1xtqYoJcNdVgTfvGpNVDBaJn8Cd8=",
        "owner": "nvim-neotest",
        "repo": "neotest",
        "rev": "4440cc2227894c2ae9b0673a30e6cc6f1836e8c2",
        "type": "github"
      },
      "original": {
        "owner": "nvim-neotest",
        "repo": "neotest",
        "type": "github"
      }
    },
    "neotest-go": {
      "flake": false,
      "locked": {
        "lastModified": 1708787044,
        "narHash": "sha256-7tTGhk0Dwb10dkhYYMfXngC2MmzDTfhLk1WKqut82so=",
        "owner": "nvim-neotest",
        "repo": "neotest-go",
        "rev": "6a2f996d89fe4631942e035b1c114544ee045043",
        "type": "github"
      },
      "original": {
        "owner": "nvim-neotest",
        "repo": "neotest-go",
        "type": "github"
      }
    },
    "nix-darwin": {
      "inputs": {
        "nixpkgs": [
          "nixvim",
          "nixpkgs"
        ]
      },
      "locked": {
        "lastModified": 1709001452,
        "narHash": "sha256-FnZ54wkil54hKvr1irdKic1TE27lHQI9dKQmOJRrtlU=",
        "owner": "lnl7",
        "repo": "nix-darwin",
        "rev": "6c06334f0843c7300d1678726bb607ce526f6b36",
        "type": "github"
      },
      "original": {
        "owner": "lnl7",
        "repo": "nix-darwin",
        "type": "github"
      }
    },
    "nixpkgs": {
      "locked": {
        "lastModified": 1709150264,
        "narHash": "sha256-HofykKuisObPUfj0E9CJVfaMhawXkYx3G8UIFR/XQ38=",
        "owner": "nixos",
        "repo": "nixpkgs",
        "rev": "9099616b93301d5cf84274b184a3a5ec69e94e08",
        "type": "github"
      },
      "original": {
        "owner": "nixos",
        "ref": "nixos-unstable",
        "repo": "nixpkgs",
        "type": "github"
      }
    },
    "nixpkgs_2": {
      "locked": {
        "lastModified": 1708984720,
        "narHash": "sha256-gJctErLbXx4QZBBbGp78PxtOOzsDaQ+yw1ylNQBuSUY=",
        "owner": "NixOS",
        "repo": "nixpkgs",
        "rev": "13aff9b34cc32e59d35c62ac9356e4a41198a538",
        "type": "github"
      },
      "original": {
        "owner": "NixOS",
        "ref": "nixos-unstable",
        "repo": "nixpkgs",
        "type": "github"
      }
    },
    "nixvim": {
      "inputs": {
        "flake-compat": "flake-compat",
        "flake-parts": "flake-parts",
        "home-manager": "home-manager",
        "nix-darwin": "nix-darwin",
        "nixpkgs": "nixpkgs_2",
        "pre-commit-hooks": "pre-commit-hooks"
      },
      "locked": {
        "lastModified": 1709155917,
        "narHash": "sha256-S4yHqDKFmJpFQExP7bkOSw+RQaSr8pdOrfSFCOv3G70=",
        "owner": "nix-community",
        "repo": "nixvim",
        "rev": "be87309e0c1da19d99d969625300aaed36ff1b91",
        "type": "github"
      },
      "original": {
        "owner": "nix-community",
        "repo": "nixvim",
        "type": "github"
      }
    },
    "nvim-dap-virtual-text": {
      "flake": false,
      "locked": {
        "lastModified": 1703770915,
        "narHash": "sha256-IJMdDcrfsNfxd4rvLVCD1L2FL7Tzm6dV8c0mtEo98vU=",
        "owner": "theHamsta",
        "repo": "nvim-dap-virtual-text",
        "rev": "d4542ac257d3c7ee4131350db6179ae6340ce40b",
        "type": "github"
      },
      "original": {
        "owner": "theHamsta",
        "repo": "nvim-dap-virtual-text",
        "type": "github"
      }
    },
    "nvim-notify": {
      "flake": false,
      "locked": {
        "lastModified": 1708161547,
        "narHash": "sha256-xJYPOX4YLcWojMCdP1RO22/7FMrbcBQxqxrcVCE2TrU=",
        "owner": "rcarriga",
        "repo": "nvim-notify",
        "rev": "5371f4bfc1f6d3adf4fe9d62cd3a9d44356bfd15",
        "type": "github"
      },
      "original": {
        "owner": "rcarriga",
        "repo": "nvim-notify",
        "type": "github"
      }
    },
    "nvim-scope": {
      "flake": false,
      "locked": {
        "lastModified": 1698592569,
        "narHash": "sha256-z1ytdhxKrLnZG8qMPEe2h+wC9tF4K/x6zplwnIojZuE=",
        "owner": "tiagovla",
        "repo": "scope.nvim",
        "rev": "cd27af77ad61a7199af5c28d27013fb956eb0e3e",
        "type": "github"
      },
      "original": {
        "owner": "tiagovla",
        "repo": "scope.nvim",
        "type": "github"
      }
    },
    "nvim-telescope-dap": {
      "flake": false,
      "locked": {
        "lastModified": 1704749098,
        "narHash": "sha256-P+ioBtupRvB3wcGKm77Tf/51k6tXKxJd176uupeW6v0=",
        "owner": "nvim-telescope",
        "repo": "telescope-dap.nvim",
        "rev": "8c88d9716c91eaef1cdea13cb9390d8ef447dbfe",
        "type": "github"
      },
      "original": {
        "owner": "nvim-telescope",
        "repo": "telescope-dap.nvim",
        "type": "github"
      }
    },
    "nvim-telescope-emoji": {
      "flake": false,
      "locked": {
        "lastModified": 1670503796,
        "narHash": "sha256-8V3MTporANLtZkH0RuLviWlgMmR6fay0WmZ3ZOQzpKI=",
        "owner": "xiyaowong",
        "repo": "telescope-emoji.nvim",
        "rev": "86248d97be84a1ce83f0541500ef9edc99ea2aa1",
        "type": "github"
      },
      "original": {
        "owner": "xiyaowong",
        "repo": "telescope-emoji.nvim",
        "type": "github"
      }
    },
    "nvim-telescope-tabs": {
      "flake": false,
      "locked": {
        "lastModified": 1709034348,
        "narHash": "sha256-IvxZVHPtApnzUXIQzklT2C2kAxgtAkBUq3GNxwgPdPY=",
        "owner": "LukasPietzschmann",
        "repo": "telescope-tabs",
        "rev": "0a678eefcb71ebe5cb0876aa71dd2e2583d27fd3",
        "type": "github"
      },
      "original": {
        "owner": "LukasPietzschmann",
        "repo": "telescope-tabs",
        "type": "github"
      }
    },
    "nvim-web-devicons": {
      "flake": false,
      "locked": {
        "lastModified": 1708837217,
        "narHash": "sha256-66BJaZJdxtfcXPU4pDVvG2RrTg+1E4YA4SGE7e9X02c=",
        "owner": "kyazdani42",
        "repo": "nvim-web-devicons",
        "rev": "0bb67ef952ea3eb7b1bac9c011281471d99a27bc",
        "type": "github"
      },
      "original": {
        "owner": "kyazdani42",
        "repo": "nvim-web-devicons",
        "type": "github"
      }
    },
    "nvim-xenon": {
      "flake": false,
      "locked": {
        "lastModified": 1701972979,
        "narHash": "sha256-OwLDq60MKslse5w91RPuOyzfNRh3RX+tX8bkyY/150A=",
        "owner": "minego",
        "repo": "nvim-xenon",
        "rev": "4882ca34545573c8331fc49aa6ed5c6754ec9c69",
        "type": "github"
      },
      "original": {
        "owner": "minego",
        "repo": "nvim-xenon",
        "type": "github"
      }
    },
    "pre-commit-hooks": {
      "inputs": {
        "flake-compat": "flake-compat_2",
        "flake-utils": "flake-utils_2",
        "gitignore": "gitignore",
        "nixpkgs": [
          "nixvim",
          "nixpkgs"
        ],
        "nixpkgs-stable": [
          "nixvim",
          "nixpkgs"
        ]
      },
      "locked": {
        "lastModified": 1708018599,
        "narHash": "sha256-M+Ng6+SePmA8g06CmUZWi1AjG2tFBX9WCXElBHEKnyM=",
        "owner": "cachix",
        "repo": "pre-commit-hooks.nix",
        "rev": "5df5a70ad7575f6601d91f0efec95dd9bc619431",
        "type": "github"
      },
      "original": {
        "owner": "cachix",
        "repo": "pre-commit-hooks.nix",
        "type": "github"
      }
    },
    "root": {
      "inputs": {
        "cmake-tools": "cmake-tools",
        "cspell": "cspell",
        "flake-utils": "flake-utils",
        "flatten": "flatten",
        "fugitive-gitlab": "fugitive-gitlab",
        "neotest": "neotest",
        "neotest-go": "neotest-go",
        "nixpkgs": "nixpkgs",
        "nixvim": "nixvim",
        "nvim-dap-virtual-text": "nvim-dap-virtual-text",
        "nvim-notify": "nvim-notify",
        "nvim-scope": "nvim-scope",
        "nvim-telescope-dap": "nvim-telescope-dap",
        "nvim-telescope-emoji": "nvim-telescope-emoji",
        "nvim-telescope-tabs": "nvim-telescope-tabs",
        "nvim-web-devicons": "nvim-web-devicons",
        "nvim-xenon": "nvim-xenon"
      }
    },
    "systems": {
      "locked": {
        "lastModified": 1681028828,
        "narHash": "sha256-Vy1rq5AaRuLzOxct8nz4T6wlgyUR7zLU309k9mBC768=",
        "owner": "nix-systems",
        "repo": "default",
        "rev": "da67096a3b9bf56a91d16901293e51ba5b49a27e",
        "type": "github"
      },
      "original": {
        "owner": "nix-systems",
        "repo": "default",
        "type": "github"
      }
    },
    "systems_2": {
      "locked": {
        "lastModified": 1681028828,
        "narHash": "sha256-Vy1rq5AaRuLzOxct8nz4T6wlgyUR7zLU309k9mBC768=",
        "owner": "nix-systems",
        "repo": "default",
        "rev": "da67096a3b9bf56a91d16901293e51ba5b49a27e",
        "type": "github"
      },
      "original": {
        "owner": "nix-systems",
        "repo": "default",
        "type": "github"
      }
    }
  },
  "root": "root",
  "version": 7
}
